# @generated by Move, please check-in and do not edit manually.

[move]
version = 3
manifest_digest = "32D22907A582B25DF83FD86152FDB88158098B278B18253935959244FB385E2F"
deps_digest = "3C4103934B1E040BB6B23F1D610B4EF9F2F1166A50A104EADCF77467C004C600"
dependencies = [
  { id = "ScallopProtocol", name = "ScallopProtocol" },
  { id = "spool", name = "spool" },
]

[[move.package]]
id = "CoinDecimalsRegistry"
source = { git = "https://github.com/scallop-io/sui-lending-protocol.git", rev = "main", subdir = "contracts/libs/coin_decimals_registry" }

dependencies = [
  { id = "Sui", name = "Sui" },
]

[[move.package]]
id = "Math"
source = { git = "https://github.com/scallop-io/sui-lending-protocol.git", rev = "main", subdir = "contracts/libs/math" }

dependencies = [
  { id = "Sui", name = "Sui" },
]

[[move.package]]
id = "MathSpool"
source = { git = "https://github.com/Strater-sui/spool-contract-interface.git", rev = "main", subdir = "spool/deps/math" }

dependencies = [
  { id = "Sui", name = "Sui" },
]

[[move.package]]
id = "MoveStdlib"
source = { git = "https://github.com/MystenLabs/sui.git", rev = "mainnet", subdir = "crates/sui-framework/packages/move-stdlib" }

[[move.package]]
id = "ScallopProtocol"
source = { git = "https://github.com/scallop-io/sui-lending-protocol.git", rev = "main", subdir = "contracts/protocol" }

dependencies = [
  { id = "CoinDecimalsRegistry", name = "CoinDecimalsRegistry" },
  { id = "Math", name = "Math" },
  { id = "Sui", name = "Sui" },
  { id = "Whitelist", name = "Whitelist" },
  { id = "X", name = "X" },
  { id = "XOracle", name = "XOracle" },
]

[[move.package]]
id = "Sui"
source = { git = "https://github.com/MystenLabs/sui.git", rev = "mainnet", subdir = "crates/sui-framework/packages/sui-framework" }

dependencies = [
  { id = "MoveStdlib", name = "MoveStdlib" },
]

[[move.package]]
id = "Whitelist"
source = { git = "https://github.com/scallop-io/sui-lending-protocol.git", rev = "main", subdir = "contracts/libs/whitelist" }

dependencies = [
  { id = "Sui", name = "Sui" },
]

[[move.package]]
id = "X"
source = { git = "https://github.com/scallop-io/sui-lending-protocol.git", rev = "main", subdir = "contracts/libs/x" }

dependencies = [
  { id = "Sui", name = "Sui" },
]

[[move.package]]
id = "XOracle"
source = { git = "https://github.com/scallop-io/sui-lending-protocol.git", rev = "main", subdir = "contracts/sui_x_oracle/x_oracle" }

dependencies = [
  { id = "Sui", name = "Sui" },
]

[[move.package]]
id = "spool"
source = { git = "https://github.com/Strater-sui/spool-contract-interface.git", rev = "main", subdir = "spool" }

dependencies = [
  { id = "MathSpool", name = "MathSpool" },
  { id = "Sui", name = "Sui" },
]

[move.toolchain-version]
compiler-version = "1.38.3"
edition = "2024.beta"
flavor = "sui"

[env]

[env.mainnet]
chain-id = "35834a8a"
original-published-id = "0x08a7a3c873402d7cf9d44192aae337e0b27a72c2a4a230d10230488cf614c5a2"
latest-published-id = "0x1b4b5dd782453586f2a39dbc154f9ef4ca7780ae9a31154c1c6080985a5d295e"
published-version = "6"
