# @generated by Move, please check-in and do not edit manually.

[move]
version = 3
manifest_digest = "019E1DA26A02CB6D7B6E6A446B11BD8FAA56DE1B45BD41292E7B874AB5F011E8"
deps_digest = "F9B494B64F0615AED0E98FC12A85B85ECD2BC5185C22D30E7F67786BB52E507C"
dependencies = [
  { id = "ScallopProtocol", name = "ScallopProtocol" },
  { id = "Sui", name = "Sui" },
  { id = "lending_core", name = "lending_core" },
  { id = "spool", name = "spool" },
]

[[move.package]]
id = "CoinDecimalsRegistry"
source = { git = "https://github.com/scallop-io/sui-lending-protocol.git", rev = "main", subdir = "contracts/libs/coin_decimals_registry" }

dependencies = [
  { id = "Sui", name = "Sui" },
]

[[move.package]]
id = "Math"
source = { git = "https://github.com/scallop-io/sui-lending-protocol.git", rev = "main", subdir = "contracts/libs/math" }

dependencies = [
  { id = "Sui", name = "Sui" },
]

[[move.package]]
id = "MathSpool"
source = { git = "https://github.com/Strater-sui/spool-contract-interface.git", rev = "main", subdir = "spool/deps/math" }

dependencies = [
  { id = "Sui", name = "Sui" },
]

[[move.package]]
id = "MoveStdlib"
source = { git = "https://github.com/MystenLabs/sui.git", rev = "framework/mainnet", subdir = "crates/sui-framework/packages/move-stdlib" }

[[move.package]]
id = "Pyth"
source = { git = "https://github.com/naviprotocol/pyth-crosschain.git", rev = "navi-forked", subdir = "target_chains/sui/contracts" }

dependencies = [
  { id = "Sui", name = "Sui" },
  { id = "Wormhole", name = "Wormhole" },
]

[[move.package]]
id = "ScallopProtocol"
source = { git = "https://github.com/scallop-io/sui-lending-protocol.git", rev = "main", subdir = "contracts/protocol" }

dependencies = [
  { id = "CoinDecimalsRegistry", name = "CoinDecimalsRegistry" },
  { id = "Math", name = "Math" },
  { id = "Sui", name = "Sui" },
  { id = "Whitelist", name = "Whitelist" },
  { id = "X", name = "X" },
  { id = "XOracle", name = "XOracle" },
]

[[move.package]]
id = "Sui"
source = { git = "https://github.com/MystenLabs/sui.git", rev = "framework/mainnet", subdir = "crates/sui-framework/packages/sui-framework" }

dependencies = [
  { id = "MoveStdlib", name = "MoveStdlib" },
]

[[move.package]]
id = "SupraOracle"
source = { git = "https://github.com/naviprotocol/dora-interface.git", rev = "main", subdir = "sui/mainnet/supra_holder" }

dependencies = [
  { id = "Sui", name = "Sui" },
  { id = "supra_validator", name = "supra_validator" },
]

[[move.package]]
id = "Whitelist"
source = { git = "https://github.com/scallop-io/sui-lending-protocol.git", rev = "main", subdir = "contracts/libs/whitelist" }

dependencies = [
  { id = "Sui", name = "Sui" },
]

[[move.package]]
id = "Wormhole"
source = { git = "https://github.com/naviprotocol/wormhole.git", rev = "navi-forked", subdir = "sui/wormhole" }

dependencies = [
  { id = "Sui", name = "Sui" },
]

[[move.package]]
id = "X"
source = { git = "https://github.com/scallop-io/sui-lending-protocol.git", rev = "main", subdir = "contracts/libs/x" }

dependencies = [
  { id = "Sui", name = "Sui" },
]

[[move.package]]
id = "XOracle"
source = { git = "https://github.com/scallop-io/sui-lending-protocol.git", rev = "main", subdir = "contracts/sui_x_oracle/x_oracle" }

dependencies = [
  { id = "Sui", name = "Sui" },
]

[[move.package]]
id = "lending_core"
source = { git = "https://github.com/Bucket-Protocol/navi-protocol-interface.git", rev = "main", subdir = "lending_core" }

dependencies = [
  { id = "Sui", name = "Sui" },
  { id = "math", name = "math" },
  { id = "oracle", name = "oracle" },
  { id = "utils", name = "utils" },
]

[[move.package]]
id = "math"
source = { git = "https://github.com/Bucket-Protocol/navi-protocol-interface.git", rev = "main", subdir = "math" }

dependencies = [
  { id = "Sui", name = "Sui" },
]

[[move.package]]
id = "oracle"
source = { git = "https://github.com/Bucket-Protocol/navi-protocol-interface.git", rev = "main", subdir = "oracle" }

dependencies = [
  { id = "Pyth", name = "Pyth" },
  { id = "Sui", name = "Sui" },
  { id = "SupraOracle", name = "SupraOracle" },
]

[[move.package]]
id = "spool"
source = { git = "https://github.com/Strater-sui/spool-contract-interface.git", rev = "main", subdir = "spool" }

dependencies = [
  { id = "MathSpool", name = "MathSpool" },
  { id = "Sui", name = "Sui" },
]

[[move.package]]
id = "supra_utils"
source = { git = "https://github.com/naviprotocol/dora-interface.git", rev = "main", subdir = "sui/mainnet/supra_utils" }

dependencies = [
  { id = "Sui", name = "Sui" },
]

[[move.package]]
id = "supra_validator"
source = { git = "https://github.com/naviprotocol/dora-interface.git", rev = "main", subdir = "sui/mainnet/supra_validator" }

dependencies = [
  { id = "Sui", name = "Sui" },
  { id = "supra_utils", name = "supra_utils" },
]

[env]

[[move.package]]
id = "utils"
source = { git = "https://github.com/Bucket-Protocol/navi-protocol-interface.git", rev = "main", subdir = "utils" }

dependencies = [
  { id = "Sui", name = "Sui" },
]

[move.toolchain-version]
compiler-version = "1.43.1"
edition = "2024.beta"
flavor = "sui"

[env.mainnet]
chain-id = "35834a8a"
original-published-id = "0x08a7a3c873402d7cf9d44192aae337e0b27a72c2a4a230d10230488cf614c5a2"
latest-published-id = "0xfcb963cdfd621eb0e05e3a33eaa4e7ee98497e52fd83491d22a4e7d15226de70"
published-version = "7"
