# @generated by Move, please check-in and do not edit manually.

[move]
version = 2
manifest_digest = "7C67982761F937B8FE05E7A2C979802831ADEB8A31345CA2072E417356540D67"
deps_digest = "3C4103934B1E040BB6B23F1D610B4EF9F2F1166A50A104EADCF77467C004C600"
dependencies = [
  { name = "Math" },
  { name = "ScallopProtocol" },
]

[[move.package]]
name = "CoinDecimalsRegistry"
source = { git = "https://github.com/scallop-io/sui-lending-protocol.git", rev = "main", subdir = "contracts/libs/coin_decimals_registry" }

dependencies = [
  { name = "Sui" },
]

[[move.package]]
name = "Math"
source = { git = "https://github.com/scallop-io/sui-lending-protocol.git", rev = "main", subdir = "contracts/libs/math" }

dependencies = [
  { name = "Sui" },
]

[[move.package]]
name = "MoveStdlib"
source = { git = "https://github.com/MystenLabs/sui.git", rev = "mainnet", subdir = "crates/sui-framework/packages/move-stdlib" }

[[move.package]]
name = "ScallopProtocol"
source = { git = "https://github.com/scallop-io/sui-lending-protocol.git", rev = "main", subdir = "contracts/protocol" }

dependencies = [
  { name = "CoinDecimalsRegistry" },
  { name = "Math" },
  { name = "Sui" },
  { name = "Whitelist" },
  { name = "X" },
  { name = "XOracle" },
]

[[move.package]]
name = "Sui"
source = { git = "https://github.com/MystenLabs/sui.git", rev = "mainnet", subdir = "crates/sui-framework/packages/sui-framework" }

dependencies = [
  { name = "MoveStdlib" },
]

[[move.package]]
name = "Whitelist"
source = { git = "https://github.com/scallop-io/sui-lending-protocol.git", rev = "main", subdir = "contracts/libs/whitelist" }

dependencies = [
  { name = "Sui" },
]

[[move.package]]
name = "X"
source = { git = "https://github.com/scallop-io/sui-lending-protocol.git", rev = "main", subdir = "contracts/libs/x" }

dependencies = [
  { name = "Sui" },
]

[[move.package]]
name = "XOracle"
source = { git = "https://github.com/scallop-io/sui-lending-protocol.git", rev = "main", subdir = "contracts/sui_x_oracle/x_oracle" }

dependencies = [
  { name = "Sui" },
]

[move.toolchain-version]
compiler-version = "1.27.0"
edition = "2024.beta"
flavor = "sui"

[env]

[env.mainnet]
chain-id = "35834a8a"
original-published-id = "0x3c95e83292f7bdd4bf2349ef1f55960c58bfd1f06a3d587b2eda88ef6f802551"
latest-published-id = "0x3c95e83292f7bdd4bf2349ef1f55960c58bfd1f06a3d587b2eda88ef6f802551"
published-version = "1"
